PODS:
  - Alamofire (5.0.0-rc.3)
  - GoogleMaps (3.7.0):
    - GoogleMaps/Maps (= 3.7.0)
  - GoogleMaps/Base (3.7.0)
  - GoogleMaps/Maps (3.7.0):
    - GoogleMaps/Base
  - Keys (1.0.1)

DEPENDENCIES:
  - Alamofire (~> 5.0.0-rc.3)
  - GoogleMaps
  - Keys (from `Pods/CocoaPodsKeys`)

SPEC REPOS:
  trunk:
    - Alamofire
    - GoogleMaps

EXTERNAL SOURCES:
  Keys:
    :path: Pods/CocoaPodsKeys

SPEC CHECKSUMS:
  Alamofire: ca8c0de6906873be89d6deec5c8de279e00bf872
  GoogleMaps: 55da829c68aa931f3ae982b9e341cc2f3d89c587
  Keys: a576f4c9c1c641ca913a959a9c62ed3f215a8de9

PODFILE CHECKSUM: 2e7e70f817ba9200d8158fde3623b8ae19891f50

COCOAPODS: 1.8.4
